
Microsoft Visual Studio Solution File, Format Version 12.00
# Visual Studio Version 16
VisualStudioVersion = 16.0.30709.132
MinimumVisualStudioVersion = 10.0.40219.1
Project("{2150E333-8FDC-42A3-9474-1A3956D46DE8}") = "src", "src", "{2A33B7AD-67B9-4C62-BB18-A99773113979}"
EndProject
Project("{2150E333-8FDC-42A3-9474-1A3956D46DE8}") = "test", "test", "{A92C7A77-9853-44B0-B12E-FE03A5B7DEDE}"
EndProject
Project("{2150E333-8FDC-42A3-9474-1A3956D46DE8}") = "web", "web", "{4F433697-CED3-4836-969E-04150E634AE3}"
EndProject
Project("{2150E333-8FDC-42A3-9474-1A3956D46DE8}") = "core", "core", "{0F382447-1EF9-434A-AFEA-60A59A1D23F2}"
EndProject
Project("{9A19103F-16F7-4668-BE54-9A1E7A4F7556}") = "NetMicro.Core", "src\core\NetMicro.Core\NetMicro.Core.csproj", "{FA00E24E-ADC2-4477-A537-84582BF83791}"
EndProject
Project("{9A19103F-16F7-4668-BE54-9A1E7A4F7556}") = "NetMicro.Web.Provider", "src\web\NetMicro.Web.Provider\NetMicro.Web.Provider.csproj", "{21D74011-057E-4213-AE99-DED6B13A80D5}"
EndProject
Project("{FAE04EC0-301F-11D3-BF4B-00C04F79EFBC}") = "NetMicro.Application.Provider", "src\application\NetMicro.Application.Provider\NetMicro.Application.Provider.csproj", "{5AB65083-B9A9-4F08-9DAB-3AD8131D53D2}"
EndProject
Project("{2150E333-8FDC-42A3-9474-1A3956D46DE8}") = "valid", "valid", "{C2432269-C171-4078-8EB9-D40F9F348A3B}"
EndProject
Project("{FAE04EC0-301F-11D3-BF4B-00C04F79EFBC}") = "NetMicro.Validation.Abstractions", "src\valid\NetMicro.Validation.Abstractions\NetMicro.Validation.Abstractions.csproj", "{B67FFAEF-FB48-4C1D-9FED-9F0F2E5D7110}"
EndProject
Project("{2150E333-8FDC-42A3-9474-1A3956D46DE8}") = "application", "application", "{F99C1AE4-6C56-40B0-98EC-398A56AB5ECB}"
EndProject
Project("{9A19103F-16F7-4668-BE54-9A1E7A4F7556}") = "NetMicro.Validation.Provider", "src\valid\NetMicro.Validation.Provider\NetMicro.Validation.Provider.csproj", "{3E332729-BE0B-4591-ABB8-0A59B3616C35}"
EndProject
Project("{2150E333-8FDC-42A3-9474-1A3956D46DE8}") = "mapper", "mapper", "{39C9998B-F507-4EB8-AFDE-14803076890E}"
EndProject
Project("{FAE04EC0-301F-11D3-BF4B-00C04F79EFBC}") = "NetMicro.Mapper.Provider", "src\mapper\NetMicro.Mapper.Provider\NetMicro.Mapper.Provider.csproj", "{96B84ECF-2AF9-4E1C-97DD-799548F053B6}"
EndProject
Project("{2150E333-8FDC-42A3-9474-1A3956D46DE8}") = "elasticsearch", "elasticsearch", "{AACE4657-7FD2-4CBD-8DBC-2A823C4DACF8}"
EndProject
Project("{FAE04EC0-301F-11D3-BF4B-00C04F79EFBC}") = "NetMicro.Elasticsearch.Provider", "src\elasticsearch\NetMicro.Elasticsearch.Provider\NetMicro.Elasticsearch.Provider.csproj", "{3D638209-178F-4FF1-94AE-FBDC46273B93}"
EndProject
Project("{2150E333-8FDC-42A3-9474-1A3956D46DE8}") = "data", "data", "{D7AE0C89-16DC-4DCC-85C0-BCBBCC1D537D}"
EndProject
Project("{FAE04EC0-301F-11D3-BF4B-00C04F79EFBC}") = "NetMicro.Data.Abstractions", "src\data\NetMicro.Data.Abstractions\NetMicro.Data.Abstractions.csproj", "{122A3419-6584-483C-A8A3-3B5CBF1160EE}"
EndProject
Project("{FAE04EC0-301F-11D3-BF4B-00C04F79EFBC}") = "NetMicro.Data.Provider", "src\data\NetMicro.Data.Provider\NetMicro.Data.Provider.csproj", "{2E2CB3B2-044A-4190-B487-36BECCD37E52}"
EndProject
Project("{2150E333-8FDC-42A3-9474-1A3956D46DE8}") = "cache", "cache", "{94D04B27-6FC4-45D5-BBA5-26B10DEF19EF}"
EndProject
Project("{FAE04EC0-301F-11D3-BF4B-00C04F79EFBC}") = "NetMicro.Cache.Abstractions", "src\cache\NetMicro.Cache.Abstractions\NetMicro.Cache.Abstractions.csproj", "{2736E4F1-3C18-4563-8D29-F5E11B5BD056}"
EndProject
Project("{FAE04EC0-301F-11D3-BF4B-00C04F79EFBC}") = "NetMicro.Cache.Provider", "src\cache\NetMicro.Cache.Provider\NetMicro.Cache.Provider.csproj", "{74CD6056-9463-47FC-AA7B-FCEC5B961346}"
EndProject
Project("{2150E333-8FDC-42A3-9474-1A3956D46DE8}") = "event", "event", "{C9A45465-C54C-44A5-8FDC-29470D58A176}"
EndProject
Project("{FAE04EC0-301F-11D3-BF4B-00C04F79EFBC}") = "NetMicro.EventBus.Abstractions", "src\event\NetMicro.EventBus.Abstractions\NetMicro.EventBus.Abstractions.csproj", "{81A29425-EC8A-4F47-A4B7-3D2CD261A4EB}"
EndProject
Project("{FAE04EC0-301F-11D3-BF4B-00C04F79EFBC}") = "NetMicro.EventBus.Provider", "src\event\NetMicro.EventBus.Provider\NetMicro.EventBus.Provider.csproj", "{C4FB302E-1EC4-4545-8689-06C9B1A34C66}"
EndProject
Project("{2150E333-8FDC-42A3-9474-1A3956D46DE8}") = "log", "log", "{65D1E50B-E054-4A1A-8311-795EF3CE046A}"
EndProject
Project("{FAE04EC0-301F-11D3-BF4B-00C04F79EFBC}") = "NetMicro.NLog.Provider", "src\log\NetMicro.NLog.Provider\NetMicro.NLog.Provider.csproj", "{194D8639-5AFD-4E86-9FE3-97CD9A6204F7}"
EndProject
Global
	GlobalSection(SolutionConfigurationPlatforms) = preSolution
		Debug|Any CPU = Debug|Any CPU
		Release|Any CPU = Release|Any CPU
	EndGlobalSection
	GlobalSection(ProjectConfigurationPlatforms) = postSolution
		{FA00E24E-ADC2-4477-A537-84582BF83791}.Debug|Any CPU.ActiveCfg = Debug|Any CPU
		{FA00E24E-ADC2-4477-A537-84582BF83791}.Debug|Any CPU.Build.0 = Debug|Any CPU
		{FA00E24E-ADC2-4477-A537-84582BF83791}.Release|Any CPU.ActiveCfg = Release|Any CPU
		{FA00E24E-ADC2-4477-A537-84582BF83791}.Release|Any CPU.Build.0 = Release|Any CPU
		{21D74011-057E-4213-AE99-DED6B13A80D5}.Debug|Any CPU.ActiveCfg = Debug|Any CPU
		{21D74011-057E-4213-AE99-DED6B13A80D5}.Debug|Any CPU.Build.0 = Debug|Any CPU
		{21D74011-057E-4213-AE99-DED6B13A80D5}.Release|Any CPU.ActiveCfg = Release|Any CPU
		{21D74011-057E-4213-AE99-DED6B13A80D5}.Release|Any CPU.Build.0 = Release|Any CPU
		{5AB65083-B9A9-4F08-9DAB-3AD8131D53D2}.Debug|Any CPU.ActiveCfg = Debug|Any CPU
		{5AB65083-B9A9-4F08-9DAB-3AD8131D53D2}.Debug|Any CPU.Build.0 = Debug|Any CPU
		{5AB65083-B9A9-4F08-9DAB-3AD8131D53D2}.Release|Any CPU.ActiveCfg = Release|Any CPU
		{5AB65083-B9A9-4F08-9DAB-3AD8131D53D2}.Release|Any CPU.Build.0 = Release|Any CPU
		{B67FFAEF-FB48-4C1D-9FED-9F0F2E5D7110}.Debug|Any CPU.ActiveCfg = Debug|Any CPU
		{B67FFAEF-FB48-4C1D-9FED-9F0F2E5D7110}.Debug|Any CPU.Build.0 = Debug|Any CPU
		{B67FFAEF-FB48-4C1D-9FED-9F0F2E5D7110}.Release|Any CPU.ActiveCfg = Release|Any CPU
		{B67FFAEF-FB48-4C1D-9FED-9F0F2E5D7110}.Release|Any CPU.Build.0 = Release|Any CPU
		{3E332729-BE0B-4591-ABB8-0A59B3616C35}.Debug|Any CPU.ActiveCfg = Debug|Any CPU
		{3E332729-BE0B-4591-ABB8-0A59B3616C35}.Debug|Any CPU.Build.0 = Debug|Any CPU
		{3E332729-BE0B-4591-ABB8-0A59B3616C35}.Release|Any CPU.ActiveCfg = Release|Any CPU
		{3E332729-BE0B-4591-ABB8-0A59B3616C35}.Release|Any CPU.Build.0 = Release|Any CPU
		{96B84ECF-2AF9-4E1C-97DD-799548F053B6}.Debug|Any CPU.ActiveCfg = Debug|Any CPU
		{96B84ECF-2AF9-4E1C-97DD-799548F053B6}.Debug|Any CPU.Build.0 = Debug|Any CPU
		{96B84ECF-2AF9-4E1C-97DD-799548F053B6}.Release|Any CPU.ActiveCfg = Release|Any CPU
		{96B84ECF-2AF9-4E1C-97DD-799548F053B6}.Release|Any CPU.Build.0 = Release|Any CPU
		{3D638209-178F-4FF1-94AE-FBDC46273B93}.Debug|Any CPU.ActiveCfg = Debug|Any CPU
		{3D638209-178F-4FF1-94AE-FBDC46273B93}.Debug|Any CPU.Build.0 = Debug|Any CPU
		{3D638209-178F-4FF1-94AE-FBDC46273B93}.Release|Any CPU.ActiveCfg = Release|Any CPU
		{3D638209-178F-4FF1-94AE-FBDC46273B93}.Release|Any CPU.Build.0 = Release|Any CPU
		{122A3419-6584-483C-A8A3-3B5CBF1160EE}.Debug|Any CPU.ActiveCfg = Debug|Any CPU
		{122A3419-6584-483C-A8A3-3B5CBF1160EE}.Debug|Any CPU.Build.0 = Debug|Any CPU
		{122A3419-6584-483C-A8A3-3B5CBF1160EE}.Release|Any CPU.ActiveCfg = Release|Any CPU
		{122A3419-6584-483C-A8A3-3B5CBF1160EE}.Release|Any CPU.Build.0 = Release|Any CPU
		{2E2CB3B2-044A-4190-B487-36BECCD37E52}.Debug|Any CPU.ActiveCfg = Debug|Any CPU
		{2E2CB3B2-044A-4190-B487-36BECCD37E52}.Debug|Any CPU.Build.0 = Debug|Any CPU
		{2E2CB3B2-044A-4190-B487-36BECCD37E52}.Release|Any CPU.ActiveCfg = Release|Any CPU
		{2E2CB3B2-044A-4190-B487-36BECCD37E52}.Release|Any CPU.Build.0 = Release|Any CPU
		{2736E4F1-3C18-4563-8D29-F5E11B5BD056}.Debug|Any CPU.ActiveCfg = Debug|Any CPU
		{2736E4F1-3C18-4563-8D29-F5E11B5BD056}.Debug|Any CPU.Build.0 = Debug|Any CPU
		{2736E4F1-3C18-4563-8D29-F5E11B5BD056}.Release|Any CPU.ActiveCfg = Release|Any CPU
		{2736E4F1-3C18-4563-8D29-F5E11B5BD056}.Release|Any CPU.Build.0 = Release|Any CPU
		{74CD6056-9463-47FC-AA7B-FCEC5B961346}.Debug|Any CPU.ActiveCfg = Debug|Any CPU
		{74CD6056-9463-47FC-AA7B-FCEC5B961346}.Debug|Any CPU.Build.0 = Debug|Any CPU
		{74CD6056-9463-47FC-AA7B-FCEC5B961346}.Release|Any CPU.ActiveCfg = Release|Any CPU
		{74CD6056-9463-47FC-AA7B-FCEC5B961346}.Release|Any CPU.Build.0 = Release|Any CPU
		{81A29425-EC8A-4F47-A4B7-3D2CD261A4EB}.Debug|Any CPU.ActiveCfg = Debug|Any CPU
		{81A29425-EC8A-4F47-A4B7-3D2CD261A4EB}.Debug|Any CPU.Build.0 = Debug|Any CPU
		{81A29425-EC8A-4F47-A4B7-3D2CD261A4EB}.Release|Any CPU.ActiveCfg = Release|Any CPU
		{81A29425-EC8A-4F47-A4B7-3D2CD261A4EB}.Release|Any CPU.Build.0 = Release|Any CPU
		{C4FB302E-1EC4-4545-8689-06C9B1A34C66}.Debug|Any CPU.ActiveCfg = Debug|Any CPU
		{C4FB302E-1EC4-4545-8689-06C9B1A34C66}.Debug|Any CPU.Build.0 = Debug|Any CPU
		{C4FB302E-1EC4-4545-8689-06C9B1A34C66}.Release|Any CPU.ActiveCfg = Release|Any CPU
		{C4FB302E-1EC4-4545-8689-06C9B1A34C66}.Release|Any CPU.Build.0 = Release|Any CPU
		{194D8639-5AFD-4E86-9FE3-97CD9A6204F7}.Debug|Any CPU.ActiveCfg = Debug|Any CPU
		{194D8639-5AFD-4E86-9FE3-97CD9A6204F7}.Debug|Any CPU.Build.0 = Debug|Any CPU
		{194D8639-5AFD-4E86-9FE3-97CD9A6204F7}.Release|Any CPU.ActiveCfg = Release|Any CPU
		{194D8639-5AFD-4E86-9FE3-97CD9A6204F7}.Release|Any CPU.Build.0 = Release|Any CPU
	EndGlobalSection
	GlobalSection(SolutionProperties) = preSolution
		HideSolutionNode = FALSE
	EndGlobalSection
	GlobalSection(NestedProjects) = preSolution
		{4F433697-CED3-4836-969E-04150E634AE3} = {2A33B7AD-67B9-4C62-BB18-A99773113979}
		{0F382447-1EF9-434A-AFEA-60A59A1D23F2} = {2A33B7AD-67B9-4C62-BB18-A99773113979}
		{FA00E24E-ADC2-4477-A537-84582BF83791} = {0F382447-1EF9-434A-AFEA-60A59A1D23F2}
		{21D74011-057E-4213-AE99-DED6B13A80D5} = {4F433697-CED3-4836-969E-04150E634AE3}
		{5AB65083-B9A9-4F08-9DAB-3AD8131D53D2} = {F99C1AE4-6C56-40B0-98EC-398A56AB5ECB}
		{C2432269-C171-4078-8EB9-D40F9F348A3B} = {2A33B7AD-67B9-4C62-BB18-A99773113979}
		{B67FFAEF-FB48-4C1D-9FED-9F0F2E5D7110} = {C2432269-C171-4078-8EB9-D40F9F348A3B}
		{F99C1AE4-6C56-40B0-98EC-398A56AB5ECB} = {2A33B7AD-67B9-4C62-BB18-A99773113979}
		{3E332729-BE0B-4591-ABB8-0A59B3616C35} = {C2432269-C171-4078-8EB9-D40F9F348A3B}
		{39C9998B-F507-4EB8-AFDE-14803076890E} = {2A33B7AD-67B9-4C62-BB18-A99773113979}
		{96B84ECF-2AF9-4E1C-97DD-799548F053B6} = {39C9998B-F507-4EB8-AFDE-14803076890E}
		{AACE4657-7FD2-4CBD-8DBC-2A823C4DACF8} = {2A33B7AD-67B9-4C62-BB18-A99773113979}
		{3D638209-178F-4FF1-94AE-FBDC46273B93} = {AACE4657-7FD2-4CBD-8DBC-2A823C4DACF8}
		{D7AE0C89-16DC-4DCC-85C0-BCBBCC1D537D} = {2A33B7AD-67B9-4C62-BB18-A99773113979}
		{122A3419-6584-483C-A8A3-3B5CBF1160EE} = {D7AE0C89-16DC-4DCC-85C0-BCBBCC1D537D}
		{2E2CB3B2-044A-4190-B487-36BECCD37E52} = {D7AE0C89-16DC-4DCC-85C0-BCBBCC1D537D}
		{94D04B27-6FC4-45D5-BBA5-26B10DEF19EF} = {2A33B7AD-67B9-4C62-BB18-A99773113979}
		{2736E4F1-3C18-4563-8D29-F5E11B5BD056} = {94D04B27-6FC4-45D5-BBA5-26B10DEF19EF}
		{74CD6056-9463-47FC-AA7B-FCEC5B961346} = {94D04B27-6FC4-45D5-BBA5-26B10DEF19EF}
		{C9A45465-C54C-44A5-8FDC-29470D58A176} = {2A33B7AD-67B9-4C62-BB18-A99773113979}
		{81A29425-EC8A-4F47-A4B7-3D2CD261A4EB} = {C9A45465-C54C-44A5-8FDC-29470D58A176}
		{C4FB302E-1EC4-4545-8689-06C9B1A34C66} = {C9A45465-C54C-44A5-8FDC-29470D58A176}
		{65D1E50B-E054-4A1A-8311-795EF3CE046A} = {2A33B7AD-67B9-4C62-BB18-A99773113979}
		{194D8639-5AFD-4E86-9FE3-97CD9A6204F7} = {65D1E50B-E054-4A1A-8311-795EF3CE046A}
	EndGlobalSection
	GlobalSection(ExtensibilityGlobals) = postSolution
		SolutionGuid = {6E5CB28F-79D4-4360-82F7-B1AE5450277C}
	EndGlobalSection
EndGlobal
